<?xml version="1.0" encoding="utf-8"?>
<Project ToolsVersion="4.0" xmlns="http://schemas.microsoft.com/developer/msbuild/2003">
  <ItemGroup>
    <Filter Include="Source Files">
      <UniqueIdentifier>{4FC737F1-C7A5-4376-A066-2A32D752A2FF}</UniqueIdentifier>
      <Extensions>cpp;c;cc;cxx;def;odl;idl;hpj;bat;asm;asmx</Extensions>
    </Filter>
    <Filter Include="Header Files">
      <UniqueIdentifier>{93995380-89BD-4b04-88EB-625FBE52EBFB}</UniqueIdentifier>
      <Extensions>h;hh;hpp;hxx;hm;inl;inc;xsd</Extensions>
    </Filter>
    <Filter Include="Resource Files">
      <UniqueIdentifier>{67DA6AB6-F800-4c08-8B7A-83BB121AAD01}</UniqueIdentifier>
      <Extensions>rc;ico;cur;bmp;dlg;rc2;rct;bin;rgs;gif;jpg;jpeg;jpe;resx;tiff;tif;png;wav;mfcribbon-ms</Extensions>
    </Filter>
  </ItemGroup>
  <ItemGroup>
    <ClInclude Include="__vm\.ESP32vfo.vsarduino.h">
      <Filter>Header Files</Filter>
    </ClInclude>
    <ClInclude Include="gui.h">
      <Filter>Source Files</Filter>
    </ClInclude>
    <ClInclude Include="network.h">
      <Filter>Header Files</Filter>
    </ClInclude>
    <ClInclude Include="measurement.h">
      <Filter>Header Files</Filter>
    </ClInclude>
    <ClInclude Include="IO.h">
      <Filter>Header Files</Filter>
    </ClInclude>
    <ClInclude Include="si5351.h">
      <Filter>Header Files</Filter>
    </ClInclude>
    <ClInclude Include="vfo.h">
      <Filter>Header Files</Filter>
    </ClInclude>
    <ClInclude Include="FT891_CAT.h">
      <Filter>Header Files</Filter>
    </ClInclude>
    <ClInclude Include="SwrBarClass.h">
      <Filter>Header Files</Filter>
    </ClInclude>
    <ClInclude Include="BandFilter.h">
      <Filter>Header Files</Filter>
    </ClInclude>
    <ClInclude Include="PCF8574.h">
      <Filter>Header Files</Filter>
    </ClInclude>
    <ClInclude Include="PowerSwr.h">
      <Filter>Header Files</Filter>
    </ClInclude>
  </ItemGroup>
  <ItemGroup>
    <ClCompile Include="gui.cpp">
      <Filter>Source Files</Filter>
    </ClCompile>
    <ClCompile Include="FreeSansOblique24.c">
      <Filter>Source Files</Filter>
    </ClCompile>
    <ClCompile Include="FreeSansOblique32.c">
      <Filter>Source Files</Filter>
    </ClCompile>
    <ClCompile Include="FreeSansOblique42.c">
      <Filter>Source Files</Filter>
    </ClCompile>
    <ClCompile Include="network.cpp">
      <Filter>Source Files</Filter>
    </ClCompile>
    <ClCompile Include="IO.cpp">
      <Filter>Source Files</Filter>
    </ClCompile>
    <ClCompile Include="si5351.cpp">
      <Filter>Source Files</Filter>
    </ClCompile>
    <ClCompile Include="Vfo.cpp">
      <Filter>Source Files</Filter>
    </ClCompile>
    <ClCompile Include="FT891_CAT.cpp">
      <Filter>Source Files</Filter>
    </ClCompile>
    <ClCompile Include="measurement.cpp">
      <Filter>Source Files</Filter>
    </ClCompile>
    <ClCompile Include="ESP32vfo.ino" />
    <ClCompile Include="SwrBarClass.cpp">
      <Filter>Source Files</Filter>
    </ClCompile>
    <ClCompile Include="ui_img_indicator_hor_png.c">
      <Filter>Source Files</Filter>
    </ClCompile>
    <ClCompile Include="BandFilter.cpp">
      <Filter>Source Files</Filter>
    </ClCompile>
    <ClCompile Include="PCF8574.cpp">
      <Filter>Source Files</Filter>
    </ClCompile>
    <ClCompile Include="PowerSwr.cpp">
      <Filter>Source Files</Filter>
    </ClCompile>
  </ItemGroup>
</Project>